
Microsoft Visual Studio Solution File, Format Version 12.00
# Visual Studio Version 16
VisualStudioVersion = 16.0.29215.179
MinimumVisualStudioVersion = 10.0.40219.1
Project("{FAE04EC0-301F-11D3-BF4B-00C04F79EFBC}") = "Amarath", "Amarath\Amarath.csproj", "{49D49EAB-8A18-4649-B064-46E969E931D2}"
EndProject
Global
	GlobalSection(SolutionConfigurationPlatforms) = preSolution
		Debug|Any CPU = Debug|Any CPU
		Release|Any CPU = Release|Any CPU
	EndGlobalSection
	GlobalSection(ProjectConfigurationPlatforms) = postSolution
		{49D49EAB-8A18-4649-B064-46E969E931D2}.Debug|Any CPU.ActiveCfg = Debug|Any CPU
		{49D49EAB-8A18-4649-B064-46E969E931D2}.Debug|Any CPU.Build.0 = Debug|Any CPU
		{49D49EAB-8A18-4649-B064-46E969E931D2}.Release|Any CPU.ActiveCfg = Release|Any CPU
		{49D49EAB-8A18-4649-B064-46E969E931D2}.Release|Any CPU.Build.0 = Release|Any CPU
	EndGlobalSection
	GlobalSection(SolutionProperties) = preSolution
		HideSolutionNode = FALSE
	EndGlobalSection
	GlobalSection(ExtensibilityGlobals) = postSolution
		SolutionGuid = {1BCEB3F2-7148-4A56-83B9-820349FB60CA}
	EndGlobalSection
EndGlobal
